
Microsoft Visual Studio Solution File, Format Version 12.00
# Visual Studio Version 17
VisualStudioVersion = 17.7.34003.232
MinimumVisualStudioVersion = 10.0.40219.1
Project("{FAE04EC0-301F-11D3-BF4B-00C04F79EFBC}") = "TesteTecnicoGrendene", "TesteTecnicoGrendene.csproj", "{5FE913C1-5029-4821-8C74-671599EF5338}"
EndProject
Global
	GlobalSection(SolutionConfigurationPlatforms) = preSolution
		Debug|Any CPU = Debug|Any CPU
		Release|Any CPU = Release|Any CPU
	EndGlobalSection
	GlobalSection(ProjectConfigurationPlatforms) = postSolution
		{5FE913C1-5029-4821-8C74-671599EF5338}.Debug|Any CPU.ActiveCfg = Debug|Any CPU
		{5FE913C1-5029-4821-8C74-671599EF5338}.Debug|Any CPU.Build.0 = Debug|Any CPU
		{5FE913C1-5029-4821-8C74-671599EF5338}.Release|Any CPU.ActiveCfg = Release|Any CPU
		{5FE913C1-5029-4821-8C74-671599EF5338}.Release|Any CPU.Build.0 = Release|Any CPU
	EndGlobalSection
	GlobalSection(SolutionProperties) = preSolution
		HideSolutionNode = FALSE
	EndGlobalSection
	GlobalSection(ExtensibilityGlobals) = postSolution
		SolutionGuid = {62A87492-43EC-4B4E-975F-EAE5B18F25B3}
	EndGlobalSection
EndGlobal
